
Microsoft Visual Studio Solution File, Format Version 12.00
# Visual Studio Version 16
VisualStudioVersion = 16.0.30717.126
MinimumVisualStudioVersion = 10.0.40219.1
Project("{FAE04EC0-301F-11D3-BF4B-00C04F79EFBC}") = "test1", "test1\test1.csproj", "{21670A49-F892-40D9-8309-9D27D71B542C}"
EndProject
Global
	GlobalSection(SolutionConfigurationPlatforms) = preSolution
		Debug|Any CPU = Debug|Any CPU
		Release|Any CPU = Release|Any CPU
	EndGlobalSection
	GlobalSection(ProjectConfigurationPlatforms) = postSolution
		{21670A49-F892-40D9-8309-9D27D71B542C}.Debug|Any CPU.ActiveCfg = Debug|Any CPU
		{21670A49-F892-40D9-8309-9D27D71B542C}.Debug|Any CPU.Build.0 = Debug|Any CPU
		{21670A49-F892-40D9-8309-9D27D71B542C}.Release|Any CPU.ActiveCfg = Release|Any CPU
		{21670A49-F892-40D9-8309-9D27D71B542C}.Release|Any CPU.Build.0 = Release|Any CPU
	EndGlobalSection
	GlobalSection(SolutionProperties) = preSolution
		HideSolutionNode = FALSE
	EndGlobalSection
	GlobalSection(ExtensibilityGlobals) = postSolution
		SolutionGuid = {D8A3C979-B919-459A-A443-1F57DB2E02C1}
	EndGlobalSection
EndGlobal
